
Microsoft Visual Studio Solution File, Format Version 12.00
# Visual Studio Version 17
VisualStudioVersion = 17.13.35825.156 d17.13
MinimumVisualStudioVersion = 10.0.40219.1
Project("{FAE04EC0-301F-11D3-BF4B-00C04F79EFBC}") = "WebAPIJenkins", "WebAPIJenkins\WebAPIJenkins.csproj", "{7E80B2F4-02CC-4044-9DF4-FD3ABAD0A536}"
EndProject
Global
	GlobalSection(SolutionConfigurationPlatforms) = preSolution
		Debug|Any CPU = Debug|Any CPU
		Release|Any CPU = Release|Any CPU
	EndGlobalSection
	GlobalSection(ProjectConfigurationPlatforms) = postSolution
		{7E80B2F4-02CC-4044-9DF4-FD3ABAD0A536}.Debug|Any CPU.ActiveCfg = Debug|Any CPU
		{7E80B2F4-02CC-4044-9DF4-FD3ABAD0A536}.Debug|Any CPU.Build.0 = Debug|Any CPU
		{7E80B2F4-02CC-4044-9DF4-FD3ABAD0A536}.Release|Any CPU.ActiveCfg = Release|Any CPU
		{7E80B2F4-02CC-4044-9DF4-FD3ABAD0A536}.Release|Any CPU.Build.0 = Release|Any CPU
	EndGlobalSection
	GlobalSection(SolutionProperties) = preSolution
		HideSolutionNode = FALSE
	EndGlobalSection
	GlobalSection(ExtensibilityGlobals) = postSolution
		SolutionGuid = {15552D73-1B7C-47B3-96BF-CEE9967CFD11}
	EndGlobalSection
EndGlobal
